github.com/google/go-cmp v0.6.0 h1:ofyhxvXcZhMsU5ulbFiLKl/XBFqE1GSq7atu8tAmTRI=
github.com/google/go-cmp v0.6.0/go.mod h1:17dUlkBOakJ0+DkrSSNjCkIjxS6bF9zb3elmeNGIjoY=
golang.org/x/exp/event v0.0.0-20260824195058-e88cd73687aa h1:4MqA4wWSPHBeO1JV4rabTGolb2WSbxAp1n6PbAwL0RY=
golang.org/x/exp/event v0.0.0-20260824195058-e88cd73687aa/go.mod h1:+Rcvzz7Y2rtaXWasfxWM7AYh3f7AcF/BFbrwbOiQuWs=
golang.org/x/xerrors v0.0.0-20240903120638-7835f813f4da h1:noIWHXmPHxILtqtCOPIhSt0ABwskkZKjD3bXGnZGpNY=
golang.org/x/xerrors v0.0.0-20240903120638-7835f813f4da/go.mod h1:NDW/Ps6MPRej6fsCIbMTohpP40sJ/P/vI1MoTEGwX90=
